
Microsoft Visual Studio Solution File, Format Version 12.00
# Visual Studio Version 17
VisualStudioVersion = 17.3.32929.385
MinimumVisualStudioVersion = 10.0.40219.1
Project("{FAE04EC0-301F-11D3-BF4B-00C04F79EFBC}") = "library", "library\library.csproj", "{F4512105-BD81-47BB-9CEA-B76E417D08CA}"
EndProject
Global
	GlobalSection(SolutionConfigurationPlatforms) = preSolution
		Debug|Any CPU = Debug|Any CPU
		Release|Any CPU = Release|Any CPU
	EndGlobalSection
	GlobalSection(ProjectConfigurationPlatforms) = postSolution
		{F4512105-BD81-47BB-9CEA-B76E417D08CA}.Debug|Any CPU.ActiveCfg = Debug|Any CPU
		{F4512105-BD81-47BB-9CEA-B76E417D08CA}.Debug|Any CPU.Build.0 = Debug|Any CPU
		{F4512105-BD81-47BB-9CEA-B76E417D08CA}.Release|Any CPU.ActiveCfg = Release|Any CPU
		{F4512105-BD81-47BB-9CEA-B76E417D08CA}.Release|Any CPU.Build.0 = Release|Any CPU
	EndGlobalSection
	GlobalSection(SolutionProperties) = preSolution
		HideSolutionNode = FALSE
	EndGlobalSection
	GlobalSection(ExtensibilityGlobals) = postSolution
		SolutionGuid = {F7EC7DE7-5BA7-4F0A-A9F4-DB866EEC9030}
	EndGlobalSection
EndGlobal
